
Microsoft Visual Studio Solution File, Format Version 12.00
# Visual Studio 15
VisualStudioVersion = 15.0.26730.15
MinimumVisualStudioVersion = 10.0.40219.1
Project("{8BC9CEB8-8B4A-11D0-8D11-00A0C91BC942}") = "Practice10_1", "Practice10_1.vcxproj", "{C9D9397E-EF2E-4785-A6F2-B045756B8954}"
EndProject
Global
	GlobalSection(SolutionConfigurationPlatforms) = preSolution
		Debug|x64 = Debug|x64
		Debug|x86 = Debug|x86
		Release|x64 = Release|x64
		Release|x86 = Release|x86
	EndGlobalSection
	GlobalSection(ProjectConfigurationPlatforms) = postSolution
		{C9D9397E-EF2E-4785-A6F2-B045756B8954}.Debug|x64.ActiveCfg = Debug|x64
		{C9D9397E-EF2E-4785-A6F2-B045756B8954}.Debug|x64.Build.0 = Debug|x64
		{C9D9397E-EF2E-4785-A6F2-B045756B8954}.Debug|x86.ActiveCfg = Debug|Win32
		{C9D9397E-EF2E-4785-A6F2-B045756B8954}.Debug|x86.Build.0 = Debug|Win32
		{C9D9397E-EF2E-4785-A6F2-B045756B8954}.Release|x64.ActiveCfg = Release|x64
		{C9D9397E-EF2E-4785-A6F2-B045756B8954}.Release|x64.Build.0 = Release|x64
		{C9D9397E-EF2E-4785-A6F2-B045756B8954}.Release|x86.ActiveCfg = Release|Win32
		{C9D9397E-EF2E-4785-A6F2-B045756B8954}.Release|x86.Build.0 = Release|Win32
	EndGlobalSection
	GlobalSection(SolutionProperties) = preSolution
		HideSolutionNode = FALSE
	EndGlobalSection
	GlobalSection(ExtensibilityGlobals) = postSolution
		SolutionGuid = {A9244DDD-F2CF-4655-BEA6-58623B805EBE}
	EndGlobalSection
EndGlobal
